
Microsoft Visual Studio Solution File, Format Version 12.00
# Visual Studio Version 17
VisualStudioVersion = 17.5.002.0
MinimumVisualStudioVersion = 10.0.40219.1
Project("{9A19103F-16F7-4668-BE54-9A1E7A4F7556}") = "PlatformService", "PlatformService.csproj", "{5FE1FA4A-8886-437B-ADF5-71AE626D9EF6}"
EndProject
Global
	GlobalSection(SolutionConfigurationPlatforms) = preSolution
		Debug|Any CPU = Debug|Any CPU
		Release|Any CPU = Release|Any CPU
	EndGlobalSection
	GlobalSection(ProjectConfigurationPlatforms) = postSolution
		{5FE1FA4A-8886-437B-ADF5-71AE626D9EF6}.Debug|Any CPU.ActiveCfg = Debug|Any CPU
		{5FE1FA4A-8886-437B-ADF5-71AE626D9EF6}.Debug|Any CPU.Build.0 = Debug|Any CPU
		{5FE1FA4A-8886-437B-ADF5-71AE626D9EF6}.Release|Any CPU.ActiveCfg = Release|Any CPU
		{5FE1FA4A-8886-437B-ADF5-71AE626D9EF6}.Release|Any CPU.Build.0 = Release|Any CPU
	EndGlobalSection
	GlobalSection(SolutionProperties) = preSolution
		HideSolutionNode = FALSE
	EndGlobalSection
	GlobalSection(ExtensibilityGlobals) = postSolution
		SolutionGuid = {FC13FAB9-99AC-4499-B74F-E03FD9061A17}
	EndGlobalSection
EndGlobal
